// !$*UTF8*$!
{
	archiveVersion = 1;
	classes = {
	};
	objectVersion = 55;
	objects = {

/* Begin PBXBuildFile section */
		2C703C24279F541300AB313E /* AppDelegate.swift in Sources */ = {isa = PBXBuildFile; fileRef = 2C703C23279F541300AB313E /* AppDelegate.swift */; };
		2C703C26279F541300AB313E /* SceneDelegate.swift in Sources */ = {isa = PBXBuildFile; fileRef = 2C703C25279F541300AB313E /* SceneDelegate.swift */; };
		2C703C28279F541300AB313E /* RecordVC.swift in Sources */ = {isa = PBXBuildFile; fileRef = 2C703C27279F541300AB313E /* RecordVC.swift */; };
		2C703C2B279F541300AB313E /* Main.storyboard in Resources */ = {isa = PBXBuildFile; fileRef = 2C703C29279F541300AB313E /* Main.storyboard */; };
		2C703C2D279F541800AB313E /* Assets.xcassets in Resources */ = {isa = PBXBuildFile; fileRef = 2C703C2C279F541800AB313E /* Assets.xcassets */; };
		2C703C30279F541800AB313E /* LaunchScreen.storyboard in Resources */ = {isa = PBXBuildFile; fileRef = 2C703C2E279F541800AB313E /* LaunchScreen.storyboard */; };
		2C703C39279F57EE00AB313E /* Constants.swift in Sources */ = {isa = PBXBuildFile; fileRef = 2C703C38279F57EE00AB313E /* Constants.swift */; };
		2C703C3C279F5F0B00AB313E /* UIViewController+Ext.swift in Sources */ = {isa = PBXBuildFile; fileRef = 2C703C3B279F5F0B00AB313E /* UIViewController+Ext.swift */; };
		2C703C3E279F696B00AB313E /* RecordingsTableVC.swift in Sources */ = {isa = PBXBuildFile; fileRef = 2C703C3D279F696B00AB313E /* RecordingsTableVC.swift */; };
		2C703C41279F6BDA00AB313E /* RecordingManager.swift in Sources */ = {isa = PBXBuildFile; fileRef = 2C703C40279F6BDA00AB313E /* RecordingManager.swift */; };
		2C703C44279F72DD00AB313E /* RecordingCell.swift in Sources */ = {isa = PBXBuildFile; fileRef = 2C703C42279F72DD00AB313E /* RecordingCell.swift */; };
		2C703C45279F72DD00AB313E /* RecordingCell.xib in Resources */ = {isa = PBXBuildFile; fileRef = 2C703C43279F72DD00AB313E /* RecordingCell.xib */; };
		2C703C4F27A0D1B700AB313E /* Recording.swift in Sources */ = {isa = PBXBuildFile; fileRef = 2C703C4E27A0D1B700AB313E /* Recording.swift */; };
/* End PBXBuildFile section */

/* Begin PBXFileReference section */
		2C703C20279F541300AB313E /* Push-To-Talk.app */ = {isa = PBXFileReference; explicitFileType = wrapper.application; includeInIndex = 0; path = "Push-To-Talk.app"; sourceTree = BUILT_PRODUCTS_DIR; };
		2C703C23279F541300AB313E /* AppDelegate.swift */ = {isa = PBXFileReference; lastKnownFileType = sourcecode.swift; path = AppDelegate.swift; sourceTree = "<group>"; };
		2C703C25279F541300AB313E /* SceneDelegate.swift */ = {isa = PBXFileReference; lastKnownFileType = sourcecode.swift; path = SceneDelegate.swift; sourceTree = "<group>"; };
		2C703C27279F541300AB313E /* RecordVC.swift */ = {isa = PBXFileReference; lastKnownFileType = sourcecode.swift; path = RecordVC.swift; sourceTree = "<group>"; };
		2C703C2A279F541300AB313E /* Base */ = {isa = PBXFileReference; lastKnownFileType = file.storyboard; name = Base; path = Base.lproj/Main.storyboard; sourceTree = "<group>"; };
		2C703C2C279F541800AB313E /* Assets.xcassets */ = {isa = PBXFileReference; lastKnownFileType = folder.assetcatalog; path = Assets.xcassets; sourceTree = "<group>"; };
		2C703C2F279F541800AB313E /* Base */ = {isa = PBXFileReference; lastKnownFileType = file.storyboard; name = Base; path = Base.lproj/LaunchScreen.storyboard; sourceTree = "<group>"; };
		2C703C31279F541800AB313E /* Info.plist */ = {isa = PBXFileReference; lastKnownFileType = text.plist.xml; path = Info.plist; sourceTree = "<group>"; };
		2C703C38279F57EE00AB313E /* Constants.swift */ = {isa = PBXFileReference; lastKnownFileType = sourcecode.swift; path = Constants.swift; sourceTree = "<group>"; };
		2C703C3B279F5F0B00AB313E /* UIViewController+Ext.swift */ = {isa = PBXFileReference; lastKnownFileType = sourcecode.swift; path = "UIViewController+Ext.swift"; sourceTree = "<group>"; };
		2C703C3D279F696B00AB313E /* RecordingsTableVC.swift */ = {isa = PBXFileReference; lastKnownFileType = sourcecode.swift; path = RecordingsTableVC.swift; sourceTree = "<group>"; };
		2C703C40279F6BDA00AB313E /* RecordingManager.swift */ = {isa = PBXFileReference; lastKnownFileType = sourcecode.swift; path = RecordingManager.swift; sourceTree = "<group>"; };
		2C703C42279F72DD00AB313E /* RecordingCell.swift */ = {isa = PBXFileReference; lastKnownFileType = sourcecode.swift; path = RecordingCell.swift; sourceTree = "<group>"; };
		2C703C43279F72DD00AB313E /* RecordingCell.xib */ = {isa = PBXFileReference; lastKnownFileType = file.xib; path = RecordingCell.xib; sourceTree = "<group>"; };
		2C703C4E27A0D1B700AB313E /* Recording.swift */ = {isa = PBXFileReference; lastKnownFileType = sourcecode.swift; path = Recording.swift; sourceTree = "<group>"; };
/* End PBXFileReference section */

/* Begin PBXFrameworksBuildPhase section */
		2C703C1D279F541300AB313E /* Frameworks */ = {
			isa = PBXFrameworksBuildPhase;
			buildActionMask = 2147483647;
			files = (
			);
			runOnlyForDeploymentPostprocessing = 0;
		};
/* End PBXFrameworksBuildPhase section */

/* Begin PBXGroup section */
		2C703C17279F541300AB313E = {
			isa = PBXGroup;
			children = (
				2C703C22279F541300AB313E /* Push-To-Talk */,
				2C703C21279F541300AB313E /* Products */,
			);
			sourceTree = "<group>";
		};
		2C703C21279F541300AB313E /* Products */ = {
			isa = PBXGroup;
			children = (
				2C703C20279F541300AB313E /* Push-To-Talk.app */,
			);
			name = Products;
			sourceTree = "<group>";
		};
		2C703C22279F541300AB313E /* Push-To-Talk */ = {
			isa = PBXGroup;
			children = (
				2C703C4D27A0D1A500AB313E /* Model */,
				2C703C3A279F5EF900AB313E /* Extensions */,
				2C703C37279F57E000AB313E /* Utilities */,
				2C703C4B27A0CF2700AB313E /* Custom Views */,
				2C703C4A27A0CEFB00AB313E /* Screens */,
				2C703C3F279F6BC800AB313E /* Managers */,
				2C703C4C27A0CF8C00AB313E /* Support */,
				2C703C31279F541800AB313E /* Info.plist */,
			);
			path = "Push-To-Talk";
			sourceTree = "<group>";
		};
		2C703C37279F57E000AB313E /* Utilities */ = {
			isa = PBXGroup;
			children = (
				2C703C38279F57EE00AB313E /* Constants.swift */,
			);
			path = Utilities;
			sourceTree = "<group>";
		};
		2C703C3A279F5EF900AB313E /* Extensions */ = {
			isa = PBXGroup;
			children = (
				2C703C3B279F5F0B00AB313E /* UIViewController+Ext.swift */,
			);
			path = Extensions;
			sourceTree = "<group>";
		};
		2C703C3F279F6BC800AB313E /* Managers */ = {
			isa = PBXGroup;
			children = (
				2C703C40279F6BDA00AB313E /* RecordingManager.swift */,
			);
			path = Managers;
			sourceTree = "<group>";
		};
		2C703C4A27A0CEFB00AB313E /* Screens */ = {
			isa = PBXGroup;
			children = (
				2C703C27279F541300AB313E /* RecordVC.swift */,
				2C703C3D279F696B00AB313E /* RecordingsTableVC.swift */,
			);
			path = Screens;
			sourceTree = "<group>";
		};
		2C703C4B27A0CF2700AB313E /* Custom Views */ = {
			isa = PBXGroup;
			children = (
				2C703C29279F541300AB313E /* Main.storyboard */,
				2C703C42279F72DD00AB313E /* RecordingCell.swift */,
				2C703C43279F72DD00AB313E /* RecordingCell.xib */,
			);
			path = "Custom Views";
			sourceTree = "<group>";
		};
		2C703C4C27A0CF8C00AB313E /* Support */ = {
			isa = PBXGroup;
			children = (
				2C703C23279F541300AB313E /* AppDelegate.swift */,
				2C703C25279F541300AB313E /* SceneDelegate.swift */,
				2C703C2C279F541800AB313E /* Assets.xcassets */,
				2C703C2E279F541800AB313E /* LaunchScreen.storyboard */,
			);
			path = Support;
			sourceTree = "<group>";
		};
		2C703C4D27A0D1A500AB313E /* Model */ = {
			isa = PBXGroup;
			children = (
				2C703C4E27A0D1B700AB313E /* Recording.swift */,
			);
			path = Model;
			sourceTree = "<group>";
		};
/* End PBXGroup section */

/* Begin PBXNativeTarget section */
		2C703C1F279F541300AB313E /* Push-To-Talk */ = {
			isa = PBXNativeTarget;
			buildConfigurationList = 2C703C34279F541800AB313E /* Build configuration list for PBXNativeTarget "Push-To-Talk" */;
			buildPhases = (
				2C703C1C279F541300AB313E /* Sources */,
				2C703C1D279F541300AB313E /* Frameworks */,
				2C703C1E279F541300AB313E /* Resources */,
			);
			buildRules = (
			);
			dependencies = (
			);
			name = "Push-To-Talk";
			productName = "Push-To-Talk";
			productReference = 2C703C20279F541300AB313E /* Push-To-Talk.app */;
			productType = "com.apple.product-type.application";
		};
/* End PBXNativeTarget section */

/* Begin PBXProject section */
		2C703C18279F541300AB313E /* Project object */ = {
			isa = PBXProject;
			attributes = {
				BuildIndependentTargetsInParallel = 1;
				LastSwiftUpdateCheck = 1320;
				LastUpgradeCheck = 1320;
				TargetAttributes = {
					2C703C1F279F541300AB313E = {
						CreatedOnToolsVersion = 13.2.1;
					};
				};
			};
			buildConfigurationList = 2C703C1B279F541300AB313E /* Build configuration list for PBXProject "Push-To-Talk" */;
			compatibilityVersion = "Xcode 13.0";
			developmentRegion = en;
			hasScannedForEncodings = 0;
			knownRegions = (
				en,
				Base,
			);
			mainGroup = 2C703C17279F541300AB313E;
			productRefGroup = 2C703C21279F541300AB313E /* Products */;
			projectDirPath = "";
			projectRoot = "";
			targets = (
				2C703C1F279F541300AB313E /* Push-To-Talk */,
			);
		};
/* End PBXProject section */

/* Begin PBXResourcesBuildPhase section */
		2C703C1E279F541300AB313E /* Resources */ = {
			isa = PBXResourcesBuildPhase;
			buildActionMask = 2147483647;
			files = (
				2C703C30279F541800AB313E /* LaunchScreen.storyboard in Resources */,
				2C703C2D279F541800AB313E /* Assets.xcassets in Resources */,
				2C703C2B279F541300AB313E /* Main.storyboard in Resources */,
				2C703C45279F72DD00AB313E /* RecordingCell.xib in Resources */,
			);
			runOnlyForDeploymentPostprocessing = 0;
		};
/* End PBXResourcesBuildPhase section */

/* Begin PBXSourcesBuildPhase section */
		2C703C1C279F541300AB313E /* Sources */ = {
			isa = PBXSourcesBuildPhase;
			buildActionMask = 2147483647;
			files = (
				2C703C28279F541300AB313E /* RecordVC.swift in Sources */,
				2C703C41279F6BDA00AB313E /* RecordingManager.swift in Sources */,
				2C703C24279F541300AB313E /* AppDelegate.swift in Sources */,
				2C703C44279F72DD00AB313E /* RecordingCell.swift in Sources */,
				2C703C4F27A0D1B700AB313E /* Recording.swift in Sources */,
				2C703C3C279F5F0B00AB313E /* UIViewController+Ext.swift in Sources */,
				2C703C3E279F696B00AB313E /* RecordingsTableVC.swift in Sources */,
				2C703C26279F541300AB313E /* SceneDelegate.swift in Sources */,
				2C703C39279F57EE00AB313E /* Constants.swift in Sources */,
			);
			runOnlyForDeploymentPostprocessing = 0;
		};
/* End PBXSourcesBuildPhase section */

/* Begin PBXVariantGroup section */
		2C703C29279F541300AB313E /* Main.storyboard */ = {
			isa = PBXVariantGroup;
			children = (
				2C703C2A279F541300AB313E /* Base */,
			);
			name = Main.storyboard;
			sourceTree = "<group>";
		};
		2C703C2E279F541800AB313E /* LaunchScreen.storyboard */ = {
			isa = PBXVariantGroup;
			children = (
				2C703C2F279F541800AB313E /* Base */,
			);
			name = LaunchScreen.storyboard;
			sourceTree = "<group>";
		};
/* End PBXVariantGroup section */

/* Begin XCBuildConfiguration section */
		2C703C32279F541800AB313E /* Debug */ = {
			isa = XCBuildConfiguration;
			buildSettings = {
				ALWAYS_SEARCH_USER_PATHS = NO;
				CLANG_ANALYZER_NONNULL = YES;
				CLANG_ANALYZER_NUMBER_OBJECT_CONVERSION = YES_AGGRESSIVE;
				CLANG_CXX_LANGUAGE_STANDARD = "gnu++17";
				CLANG_CXX_LIBRARY = "libc++";
				CLANG_ENABLE_MODULES = YES;
				CLANG_ENABLE_OBJC_ARC = YES;
				CLANG_ENABLE_OBJC_WEAK = YES;
				CLANG_WARN_BLOCK_CAPTURE_AUTORELEASING = YES;
				CLANG_WARN_BOOL_CONVERSION = YES;
				CLANG_WARN_COMMA = YES;
				CLANG_WARN_CONSTANT_CONVERSION = YES;
				CLANG_WARN_DEPRECATED_OBJC_IMPLEMENTATIONS = YES;
				CLANG_WARN_DIRECT_OBJC_ISA_USAGE = YES_ERROR;
				CLANG_WARN_DOCUMENTATION_COMMENTS = YES;
				CLANG_WARN_EMPTY_BODY = YES;
				CLANG_WARN_ENUM_CONVERSION = YES;
				CLANG_WARN_INFINITE_RECURSION = YES;
				CLANG_WARN_INT_CONVERSION = YES;
				CLANG_WARN_NON_LITERAL_NULL_CONVERSION = YES;
				CLANG_WARN_OBJC_IMPLICIT_RETAIN_SELF = YES;
				CLANG_WARN_OBJC_LITERAL_CONVERSION = YES;
				CLANG_WARN_OBJC_ROOT_CLASS = YES_ERROR;
				CLANG_WARN_QUOTED_INCLUDE_IN_FRAMEWORK_HEADER = YES;
				CLANG_WARN_RANGE_LOOP_ANALYSIS = YES;
				CLANG_WARN_STRICT_PROTOTYPES = YES;
				CLANG_WARN_SUSPICIOUS_MOVE = YES;
				CLANG_WARN_UNGUARDED_AVAILABILITY = YES_AGGRESSIVE;
				CLANG_WARN_UNREACHABLE_CODE = YES;
				CLANG_WARN__DUPLICATE_METHOD_MATCH = YES;
				COPY_PHASE_STRIP = NO;
				DEBUG_INFORMATION_FORMAT = dwarf;
				ENABLE_STRICT_OBJC_MSGSEND = YES;
				ENABLE_TESTABILITY = YES;
				GCC_C_LANGUAGE_STANDARD = gnu11;
				GCC_DYNAMIC_NO_PIC = NO;
				GCC_NO_COMMON_BLOCKS = YES;
				GCC_OPTIMIZATION_LEVEL = 0;
				GCC_PREPROCESSOR_DEFINITIONS = (
					"DEBUG=1",
					"$(inherited)",
				);
				GCC_WARN_64_TO_32_BIT_CONVERSION = YES;
				GCC_WARN_ABOUT_RETURN_TYPE = YES_ERROR;
				GCC_WARN_UNDECLARED_SELECTOR = YES;
				GCC_WARN_UNINITIALIZED_AUTOS = YES_AGGRESSIVE;
				GCC_WARN_UNUSED_FUNCTION = YES;
				GCC_WARN_UNUSED_VARIABLE = YES;
				IPHONEOS_DEPLOYMENT_TARGET = 15.2;
				MTL_ENABLE_DEBUG_INFO = INCLUDE_SOURCE;
				MTL_FAST_MATH = YES;
				ONLY_ACTIVE_ARCH = YES;
				SDKROOT = iphoneos;
				SWIFT_ACTIVE_COMPILATION_CONDITIONS = DEBUG;
				SWIFT_OPTIMIZATION_LEVEL = "-Onone";
			};
			name = Debug;
		};
		2C703C33279F541800AB313E /* Release */ = {
			isa = XCBuildConfiguration;
			buildSettings = {
				ALWAYS_SEARCH_USER_PATHS = NO;
				CLANG_ANALYZER_NONNULL = YES;
				CLANG_ANALYZER_NUMBER_OBJECT_CONVERSION = YES_AGGRESSIVE;
				CLANG_CXX_LANGUAGE_STANDARD = "gnu++17";
				CLANG_CXX_LIBRARY = "libc++";
				CLANG_ENABLE_MODULES = YES;
				CLANG_ENABLE_OBJC_ARC = YES;
				CLANG_ENABLE_OBJC_WEAK = YES;
				CLANG_WARN_BLOCK_CAPTURE_AUTORELEASING = YES;
				CLANG_WARN_BOOL_CONVERSION = YES;
				CLANG_WARN_COMMA = YES;
				CLANG_WARN_CONSTANT_CONVERSION = YES;
				CLANG_WARN_DEPRECATED_OBJC_IMPLEMENTATIONS = YES;
				CLANG_WARN_DIRECT_OBJC_ISA_USAGE = YES_ERROR;
				CLANG_WARN_DOCUMENTATION_COMMENTS = YES;
				CLANG_WARN_EMPTY_BODY = YES;
				CLANG_WARN_ENUM_CONVERSION = YES;
				CLANG_WARN_INFINITE_RECURSION = YES;
				CLANG_WARN_INT_CONVERSION = YES;
				CLANG_WARN_NON_LITERAL_NULL_CONVERSION = YES;
				CLANG_WARN_OBJC_IMPLICIT_RETAIN_SELF = YES;
				CLANG_WARN_OBJC_LITERAL_CONVERSION = YES;
				CLANG_WARN_OBJC_ROOT_CLASS = YES_ERROR;
				CLANG_WARN_QUOTED_INCLUDE_IN_FRAMEWORK_HEADER = YES;
				CLANG_WARN_RANGE_LOOP_ANALYSIS = YES;
				CLANG_WARN_STRICT_PROTOTYPES = YES;
				CLANG_WARN_SUSPICIOUS_MOVE = YES;
				CLANG_WARN_UNGUARDED_AVAILABILITY = YES_AGGRESSIVE;
				CLANG_WARN_UNREACHABLE_CODE = YES;
				CLANG_WARN__DUPLICATE_METHOD_MATCH = YES;
				COPY_PHASE_STRIP = NO;
				DEBUG_INFORMATION_FORMAT = "dwarf-with-dsym";
				ENABLE_NS_ASSERTIONS = NO;
				ENABLE_STRICT_OBJC_MSGSEND = YES;
				GCC_C_LANGUAGE_STANDARD = gnu11;
				GCC_NO_COMMON_BLOCKS = YES;
				GCC_WARN_64_TO_32_BIT_CONVERSION = YES;
				GCC_WARN_ABOUT_RETURN_TYPE = YES_ERROR;
				GCC_WARN_UNDECLARED_SELECTOR = YES;
				GCC_WARN_UNINITIALIZED_AUTOS = YES_AGGRESSIVE;
				GCC_WARN_UNUSED_FUNCTION = YES;
				GCC_WARN_UNUSED_VARIABLE = YES;
				IPHONEOS_DEPLOYMENT_TARGET = 15.2;
				MTL_ENABLE_DEBUG_INFO = NO;
				MTL_FAST_MATH = YES;
				SDKROOT = iphoneos;
				SWIFT_COMPILATION_MODE = wholemodule;
				SWIFT_OPTIMIZATION_LEVEL = "-O";
				VALIDATE_PRODUCT = YES;
			};
			name = Release;
		};
		2C703C35279F541800AB313E /* Debug */ = {
			isa = XCBuildConfiguration;
			buildSettings = {
				ASSETCATALOG_COMPILER_APPICON_NAME = AppIcon;
				ASSETCATALOG_COMPILER_GLOBAL_ACCENT_COLOR_NAME = AccentColor;
				CODE_SIGN_STYLE = Automatic;
				CURRENT_PROJECT_VERSION = 1;
				DEVELOPMENT_TEAM = SZEYA5PL8C;
				GENERATE_INFOPLIST_FILE = YES;
				INFOPLIST_FILE = "Push-To-Talk/Info.plist";
				INFOPLIST_KEY_UIApplicationSupportsIndirectInputEvents = YES;
				INFOPLIST_KEY_UILaunchStoryboardName = LaunchScreen;
				INFOPLIST_KEY_UIMainStoryboardFile = Main;
				INFOPLIST_KEY_UISupportedInterfaceOrientations_iPad = "UIInterfaceOrientationPortrait UIInterfaceOrientationPortraitUpsideDown UIInterfaceOrientationLandscapeLeft UIInterfaceOrientationLandscapeRight";
				INFOPLIST_KEY_UISupportedInterfaceOrientations_iPhone = "UIInterfaceOrientationPortrait UIInterfaceOrientationLandscapeLeft UIInterfaceOrientationLandscapeRight";
				IPHONEOS_DEPLOYMENT_TARGET = 14.0;
				LD_RUNPATH_SEARCH_PATHS = (
					"$(inherited)",
					"@executable_path/Frameworks",
				);
				MARKETING_VERSION = 1.0;
				PRODUCT_BUNDLE_IDENTIFIER = "mchoitech.Push-To-Talk";
				PRODUCT_NAME = "$(TARGET_NAME)";
				SWIFT_EMIT_LOC_STRINGS = YES;
				SWIFT_VERSION = 5.0;
				TARGETED_DEVICE_FAMILY = "1,2";
			};
			name = Debug;
		};
		2C703C36279F541800AB313E /* Release */ = {
			isa = XCBuildConfiguration;
			buildSettings = {
				ASSETCATALOG_COMPILER_APPICON_NAME = AppIcon;
				ASSETCATALOG_COMPILER_GLOBAL_ACCENT_COLOR_NAME = AccentColor;
				CODE_SIGN_STYLE = Automatic;
				CURRENT_PROJECT_VERSION = 1;
				DEVELOPMENT_TEAM = SZEYA5PL8C;
				GENERATE_INFOPLIST_FILE = YES;
				INFOPLIST_FILE = "Push-To-Talk/Info.plist";
				INFOPLIST_KEY_UIApplicationSupportsIndirectInputEvents = YES;
				INFOPLIST_KEY_UILaunchStoryboardName = LaunchScreen;
				INFOPLIST_KEY_UIMainStoryboardFile = Main;
				INFOPLIST_KEY_UISupportedInterfaceOrientations_iPad = "UIInterfaceOrientationPortrait UIInterfaceOrientationPortraitUpsideDown UIInterfaceOrientationLandscapeLeft UIInterfaceOrientationLandscapeRight";
				INFOPLIST_KEY_UISupportedInterfaceOrientations_iPhone = "UIInterfaceOrientationPortrait UIInterfaceOrientationLandscapeLeft UIInterfaceOrientationLandscapeRight";
				IPHONEOS_DEPLOYMENT_TARGET = 14.0;
				LD_RUNPATH_SEARCH_PATHS = (
					"$(inherited)",
					"@executable_path/Frameworks",
				);
				MARKETING_VERSION = 1.0;
				PRODUCT_BUNDLE_IDENTIFIER = "mchoitech.Push-To-Talk";
				PRODUCT_NAME = "$(TARGET_NAME)";
				SWIFT_EMIT_LOC_STRINGS = YES;
				SWIFT_VERSION = 5.0;
				TARGETED_DEVICE_FAMILY = "1,2";
			};
			name = Release;
		};
/* End XCBuildConfiguration section */

/* Begin XCConfigurationList section */
		2C703C1B279F541300AB313E /* Build configuration list for PBXProject "Push-To-Talk" */ = {
			isa = XCConfigurationList;
			buildConfigurations = (
				2C703C32279F541800AB313E /* Debug */,
				2C703C33279F541800AB313E /* Release */,
			);
			defaultConfigurationIsVisible = 0;
			defaultConfigurationName = Release;
		};
		2C703C34279F541800AB313E /* Build configuration list for PBXNativeTarget "Push-To-Talk" */ = {
			isa = XCConfigurationList;
			buildConfigurations = (
				2C703C35279F541800AB313E /* Debug */,
				2C703C36279F541800AB313E /* Release */,
			);
			defaultConfigurationIsVisible = 0;
			defaultConfigurationName = Release;
		};
/* End XCConfigurationList section */
	};
	rootObject = 2C703C18279F541300AB313E /* Project object */;
}
